{
    "jangregor/phpstan-prophecy": {
        "version": "0.8.1"
    },
    "phpstan/extension-installer": {
        "version": "1.0.5"
    },
    "phpstan/phpstan": {
        "version": "0.12.58"
    },
    "phpstan/phpstan-doctrine": {
        "version": "0.12.25"
    },
    "phpstan/phpstan-symfony": {
        "version": "0.12.11"
    }
}
